// !$*UTF8*$!
{
	archiveVersion = 1;
	classes = {
	};
	objectVersion = 55;
	objects = {

/* Begin PBXBuildFile section */
		FA2100742779172A0089593B /* PreMatchModel.swift in Sources */ = {isa = PBXBuildFile; fileRef = FA2100732779172A0089593B /* PreMatchModel.swift */; };
		FA210076277919FB0089593B /* ApiManager.swift in Sources */ = {isa = PBXBuildFile; fileRef = FA210075277919FB0089593B /* ApiManager.swift */; };
		FA21007B2779206C0089593B /* RootTestData.swift in Sources */ = {isa = PBXBuildFile; fileRef = FA21007A2779206C0089593B /* RootTestData.swift */; };
		FA21007D27793D470089593B /* ImageLoader.swift in Sources */ = {isa = PBXBuildFile; fileRef = FA21007C27793D470089593B /* ImageLoader.swift */; };
		FA21007F277A28350089593B /* CountryCode.swift in Sources */ = {isa = PBXBuildFile; fileRef = FA21007E277A28350089593B /* CountryCode.swift */; };
		FA210085277C67650089593B /* LoadImage.swift in Sources */ = {isa = PBXBuildFile; fileRef = FA210084277C67650089593B /* LoadImage.swift */; };
		FA210087277C85660089593B /* OddModel.swift in Sources */ = {isa = PBXBuildFile; fileRef = FA210086277C85660089593B /* OddModel.swift */; };
		FA210089277CBFCA0089593B /* OddsViewModel.swift in Sources */ = {isa = PBXBuildFile; fileRef = FA210088277CBFCA0089593B /* OddsViewModel.swift */; };
		FA21008B277CCAB60089593B /* NewOdds.swift in Sources */ = {isa = PBXBuildFile; fileRef = FA21008A277CCAB60089593B /* NewOdds.swift */; };
		FA21498E27763B5C00FF581A /* Football_Star_RateApp.swift in Sources */ = {isa = PBXBuildFile; fileRef = FA21498D27763B5C00FF581A /* Football_Star_RateApp.swift */; };
		FA21499227763B5D00FF581A /* Assets.xcassets in Resources */ = {isa = PBXBuildFile; fileRef = FA21499127763B5D00FF581A /* Assets.xcassets */; };
		FA21499527763B5D00FF581A /* Preview Assets.xcassets in Resources */ = {isa = PBXBuildFile; fileRef = FA21499427763B5D00FF581A /* Preview Assets.xcassets */; };
		FA21499F27763E7800FF581A /* BottomTabView.swift in Sources */ = {isa = PBXBuildFile; fileRef = FA21499E27763E7800FF581A /* BottomTabView.swift */; };
		FA2149A7277654EA00FF581A /* MainView.swift in Sources */ = {isa = PBXBuildFile; fileRef = FA2149A6277654EA00FF581A /* MainView.swift */; };
		FA2149A92776551900FF581A /* TeamView.swift in Sources */ = {isa = PBXBuildFile; fileRef = FA2149A82776551900FF581A /* TeamView.swift */; };
		FA2149AB2776552800FF581A /* FavoriteView.swift in Sources */ = {isa = PBXBuildFile; fileRef = FA2149AA2776552800FF581A /* FavoriteView.swift */; };
		FA2149AF277669F000FF581A /* ViewRouter.swift in Sources */ = {isa = PBXBuildFile; fileRef = FA2149AE277669F000FF581A /* ViewRouter.swift */; };
		FA2149B4277675D000FF581A /* TabComponent.swift in Sources */ = {isa = PBXBuildFile; fileRef = FA2149B3277675D000FF581A /* TabComponent.swift */; };
		FA49B479278783180084A605 /* CompletedMatchModel.swift in Sources */ = {isa = PBXBuildFile; fileRef = FA49B478278783180084A605 /* CompletedMatchModel.swift */; };
		FA6D3B2B27773A6A002F888B /* MainViewList.swift in Sources */ = {isa = PBXBuildFile; fileRef = FA6D3B2A27773A6A002F888B /* MainViewList.swift */; };
		FA6D3B2D27773D7C002F888B /* TournamentList.swift in Sources */ = {isa = PBXBuildFile; fileRef = FA6D3B2C27773D7C002F888B /* TournamentList.swift */; };
		FA6D3B2F27777648002F888B /* TopBar.swift in Sources */ = {isa = PBXBuildFile; fileRef = FA6D3B2E27777648002F888B /* TopBar.swift */; };
		FA6D3B31277789B8002F888B /* MatchDetailView.swift in Sources */ = {isa = PBXBuildFile; fileRef = FA6D3B30277789B8002F888B /* MatchDetailView.swift */; };
		FA6D3B332777915E002F888B /* MiniRectangle.swift in Sources */ = {isa = PBXBuildFile; fileRef = FA6D3B322777915E002F888B /* MiniRectangle.swift */; };
		FA6D3B3527779867002F888B /* TeamDetailView.swift in Sources */ = {isa = PBXBuildFile; fileRef = FA6D3B3427779867002F888B /* TeamDetailView.swift */; };
		FA6D3B372777A125002F888B /* MidlleBar.swift in Sources */ = {isa = PBXBuildFile; fileRef = FA6D3B362777A125002F888B /* MidlleBar.swift */; };
		FA6D3B392777A239002F888B /* PastMatchesList.swift in Sources */ = {isa = PBXBuildFile; fileRef = FA6D3B382777A239002F888B /* PastMatchesList.swift */; };
		FAFBE3F92786DB2700E9AD06 /* TeamModel.swift in Sources */ = {isa = PBXBuildFile; fileRef = FAFBE3F82786DB2700E9AD06 /* TeamModel.swift */; };
		FAFBE3FB2786DBB900E9AD06 /* TeamViewModel.swift in Sources */ = {isa = PBXBuildFile; fileRef = FAFBE3FA2786DBB900E9AD06 /* TeamViewModel.swift */; };
/* End PBXBuildFile section */

/* Begin PBXFileReference section */
		FA2100732779172A0089593B /* PreMatchModel.swift */ = {isa = PBXFileReference; lastKnownFileType = sourcecode.swift; path = PreMatchModel.swift; sourceTree = "<group>"; };
		FA210075277919FB0089593B /* ApiManager.swift */ = {isa = PBXFileReference; lastKnownFileType = sourcecode.swift; path = ApiManager.swift; sourceTree = "<group>"; };
		FA21007A2779206C0089593B /* RootTestData.swift */ = {isa = PBXFileReference; lastKnownFileType = sourcecode.swift; path = RootTestData.swift; sourceTree = "<group>"; };
		FA21007C27793D470089593B /* ImageLoader.swift */ = {isa = PBXFileReference; lastKnownFileType = sourcecode.swift; path = ImageLoader.swift; sourceTree = "<group>"; };
		FA21007E277A28350089593B /* CountryCode.swift */ = {isa = PBXFileReference; lastKnownFileType = sourcecode.swift; path = CountryCode.swift; sourceTree = "<group>"; };
		FA210084277C67650089593B /* LoadImage.swift */ = {isa = PBXFileReference; lastKnownFileType = sourcecode.swift; path = LoadImage.swift; sourceTree = "<group>"; };
		FA210086277C85660089593B /* OddModel.swift */ = {isa = PBXFileReference; lastKnownFileType = sourcecode.swift; path = OddModel.swift; sourceTree = "<group>"; };
		FA210088277CBFCA0089593B /* OddsViewModel.swift */ = {isa = PBXFileReference; lastKnownFileType = sourcecode.swift; path = OddsViewModel.swift; sourceTree = "<group>"; };
		FA21008A277CCAB60089593B /* NewOdds.swift */ = {isa = PBXFileReference; lastKnownFileType = sourcecode.swift; path = NewOdds.swift; sourceTree = "<group>"; };
		FA21498A27763B5C00FF581A /* Football Star Rate.app */ = {isa = PBXFileReference; explicitFileType = wrapper.application; includeInIndex = 0; path = "Football Star Rate.app"; sourceTree = BUILT_PRODUCTS_DIR; };
		FA21498D27763B5C00FF581A /* Football_Star_RateApp.swift */ = {isa = PBXFileReference; lastKnownFileType = sourcecode.swift; path = Football_Star_RateApp.swift; sourceTree = "<group>"; };
		FA21499127763B5D00FF581A /* Assets.xcassets */ = {isa = PBXFileReference; lastKnownFileType = folder.assetcatalog; path = Assets.xcassets; sourceTree = "<group>"; };
		FA21499427763B5D00FF581A /* Preview Assets.xcassets */ = {isa = PBXFileReference; lastKnownFileType = folder.assetcatalog; path = "Preview Assets.xcassets"; sourceTree = "<group>"; };
		FA21499E27763E7800FF581A /* BottomTabView.swift */ = {isa = PBXFileReference; lastKnownFileType = sourcecode.swift; path = BottomTabView.swift; sourceTree = "<group>"; };
		FA2149A6277654EA00FF581A /* MainView.swift */ = {isa = PBXFileReference; lastKnownFileType = sourcecode.swift; path = MainView.swift; sourceTree = "<group>"; };
		FA2149A82776551900FF581A /* TeamView.swift */ = {isa = PBXFileReference; lastKnownFileType = sourcecode.swift; path = TeamView.swift; sourceTree = "<group>"; };
		FA2149AA2776552800FF581A /* FavoriteView.swift */ = {isa = PBXFileReference; lastKnownFileType = sourcecode.swift; path = FavoriteView.swift; sourceTree = "<group>"; };
		FA2149AE277669F000FF581A /* ViewRouter.swift */ = {isa = PBXFileReference; lastKnownFileType = sourcecode.swift; path = ViewRouter.swift; sourceTree = "<group>"; };
		FA2149B3277675D000FF581A /* TabComponent.swift */ = {isa = PBXFileReference; lastKnownFileType = sourcecode.swift; path = TabComponent.swift; sourceTree = "<group>"; };
		FA49B478278783180084A605 /* CompletedMatchModel.swift */ = {isa = PBXFileReference; lastKnownFileType = sourcecode.swift; path = CompletedMatchModel.swift; sourceTree = "<group>"; };
		FA6D3B2A27773A6A002F888B /* MainViewList.swift */ = {isa = PBXFileReference; lastKnownFileType = sourcecode.swift; path = MainViewList.swift; sourceTree = "<group>"; };
		FA6D3B2C27773D7C002F888B /* TournamentList.swift */ = {isa = PBXFileReference; lastKnownFileType = sourcecode.swift; path = TournamentList.swift; sourceTree = "<group>"; };
		FA6D3B2E27777648002F888B /* TopBar.swift */ = {isa = PBXFileReference; lastKnownFileType = sourcecode.swift; path = TopBar.swift; sourceTree = "<group>"; };
		FA6D3B30277789B8002F888B /* MatchDetailView.swift */ = {isa = PBXFileReference; lastKnownFileType = sourcecode.swift; path = MatchDetailView.swift; sourceTree = "<group>"; };
		FA6D3B322777915E002F888B /* MiniRectangle.swift */ = {isa = PBXFileReference; lastKnownFileType = sourcecode.swift; path = MiniRectangle.swift; sourceTree = "<group>"; };
		FA6D3B3427779867002F888B /* TeamDetailView.swift */ = {isa = PBXFileReference; lastKnownFileType = sourcecode.swift; path = TeamDetailView.swift; sourceTree = "<group>"; };
		FA6D3B362777A125002F888B /* MidlleBar.swift */ = {isa = PBXFileReference; lastKnownFileType = sourcecode.swift; path = MidlleBar.swift; sourceTree = "<group>"; };
		FA6D3B382777A239002F888B /* PastMatchesList.swift */ = {isa = PBXFileReference; lastKnownFileType = sourcecode.swift; path = PastMatchesList.swift; sourceTree = "<group>"; };
		FAFBE3F82786DB2700E9AD06 /* TeamModel.swift */ = {isa = PBXFileReference; lastKnownFileType = sourcecode.swift; path = TeamModel.swift; sourceTree = "<group>"; };
		FAFBE3FA2786DBB900E9AD06 /* TeamViewModel.swift */ = {isa = PBXFileReference; lastKnownFileType = sourcecode.swift; path = TeamViewModel.swift; sourceTree = "<group>"; };
/* End PBXFileReference section */

/* Begin PBXFrameworksBuildPhase section */
		FA21498727763B5C00FF581A /* Frameworks */ = {
			isa = PBXFrameworksBuildPhase;
			buildActionMask = 2147483647;
			files = (
			);
			runOnlyForDeploymentPostprocessing = 0;
		};
/* End PBXFrameworksBuildPhase section */

/* Begin PBXGroup section */
		FA210077277920340089593B /* Data */ = {
			isa = PBXGroup;
			children = (
				FA21007A2779206C0089593B /* RootTestData.swift */,
				FA21007E277A28350089593B /* CountryCode.swift */,
			);
			path = Data;
			sourceTree = "<group>";
		};
		FA21498127763B5C00FF581A = {
			isa = PBXGroup;
			children = (
				FA21498C27763B5C00FF581A /* Football Star Rate */,
				FA21498B27763B5C00FF581A /* Products */,
			);
			sourceTree = "<group>";
		};
		FA21498B27763B5C00FF581A /* Products */ = {
			isa = PBXGroup;
			children = (
				FA21498A27763B5C00FF581A /* Football Star Rate.app */,
			);
			name = Products;
			sourceTree = "<group>";
		};
		FA21498C27763B5C00FF581A /* Football Star Rate */ = {
			isa = PBXGroup;
			children = (
				FA210077277920340089593B /* Data */,
				FA2149AD277669D400FF581A /* Manager */,
				FA2149A527763EE300FF581A /* ViewModel */,
				FA2149A027763E9400FF581A /* Model */,
				FA21499D27763E5E00FF581A /* View */,
				FA21498D27763B5C00FF581A /* Football_Star_RateApp.swift */,
				FA21499127763B5D00FF581A /* Assets.xcassets */,
				FA21499327763B5D00FF581A /* Preview Content */,
			);
			path = "Football Star Rate";
			sourceTree = "<group>";
		};
		FA21499327763B5D00FF581A /* Preview Content */ = {
			isa = PBXGroup;
			children = (
				FA21499427763B5D00FF581A /* Preview Assets.xcassets */,
			);
			path = "Preview Content";
			sourceTree = "<group>";
		};
		FA21499D27763E5E00FF581A /* View */ = {
			isa = PBXGroup;
			children = (
				FA2149A227763EB200FF581A /* App */,
				FA2149A427763ED700FF581A /* SubView */,
				FA2149A327763EC400FF581A /* ViewComponent */,
			);
			path = View;
			sourceTree = "<group>";
		};
		FA2149A027763E9400FF581A /* Model */ = {
			isa = PBXGroup;
			children = (
				FA2100732779172A0089593B /* PreMatchModel.swift */,
				FA210086277C85660089593B /* OddModel.swift */,
				FA21008A277CCAB60089593B /* NewOdds.swift */,
				FAFBE3F82786DB2700E9AD06 /* TeamModel.swift */,
				FA49B478278783180084A605 /* CompletedMatchModel.swift */,
			);
			path = Model;
			sourceTree = "<group>";
		};
		FA2149A227763EB200FF581A /* App */ = {
			isa = PBXGroup;
			children = (
				FA21499E27763E7800FF581A /* BottomTabView.swift */,
				FA2149A6277654EA00FF581A /* MainView.swift */,
				FA2149A82776551900FF581A /* TeamView.swift */,
				FA2149AA2776552800FF581A /* FavoriteView.swift */,
			);
			path = App;
			sourceTree = "<group>";
		};
		FA2149A327763EC400FF581A /* ViewComponent */ = {
			isa = PBXGroup;
			children = (
				FA2149B3277675D000FF581A /* TabComponent.swift */,
				FA6D3B2A27773A6A002F888B /* MainViewList.swift */,
				FA6D3B2C27773D7C002F888B /* TournamentList.swift */,
				FA6D3B2E27777648002F888B /* TopBar.swift */,
				FA6D3B322777915E002F888B /* MiniRectangle.swift */,
				FA6D3B362777A125002F888B /* MidlleBar.swift */,
				FA6D3B382777A239002F888B /* PastMatchesList.swift */,
				FA210084277C67650089593B /* LoadImage.swift */,
			);
			path = ViewComponent;
			sourceTree = "<group>";
		};
		FA2149A427763ED700FF581A /* SubView */ = {
			isa = PBXGroup;
			children = (
				FA6D3B30277789B8002F888B /* MatchDetailView.swift */,
				FA6D3B3427779867002F888B /* TeamDetailView.swift */,
			);
			path = SubView;
			sourceTree = "<group>";
		};
		FA2149A527763EE300FF581A /* ViewModel */ = {
			isa = PBXGroup;
			children = (
				FA210088277CBFCA0089593B /* OddsViewModel.swift */,
				FAFBE3FA2786DBB900E9AD06 /* TeamViewModel.swift */,
			);
			path = ViewModel;
			sourceTree = "<group>";
		};
		FA2149AD277669D400FF581A /* Manager */ = {
			isa = PBXGroup;
			children = (
				FA2149AE277669F000FF581A /* ViewRouter.swift */,
				FA210075277919FB0089593B /* ApiManager.swift */,
				FA21007C27793D470089593B /* ImageLoader.swift */,
			);
			path = Manager;
			sourceTree = "<group>";
		};
/* End PBXGroup section */

/* Begin PBXNativeTarget section */
		FA21498927763B5C00FF581A /* Football Star Rate */ = {
			isa = PBXNativeTarget;
			buildConfigurationList = FA21499827763B5D00FF581A /* Build configuration list for PBXNativeTarget "Football Star Rate" */;
			buildPhases = (
				FA21498627763B5C00FF581A /* Sources */,
				FA21498727763B5C00FF581A /* Frameworks */,
				FA21498827763B5C00FF581A /* Resources */,
			);
			buildRules = (
			);
			dependencies = (
			);
			name = "Football Star Rate";
			productName = "Football Star Rate";
			productReference = FA21498A27763B5C00FF581A /* Football Star Rate.app */;
			productType = "com.apple.product-type.application";
		};
/* End PBXNativeTarget section */

/* Begin PBXProject section */
		FA21498227763B5C00FF581A /* Project object */ = {
			isa = PBXProject;
			attributes = {
				BuildIndependentTargetsInParallel = 1;
				LastSwiftUpdateCheck = 1320;
				LastUpgradeCheck = 1320;
				TargetAttributes = {
					FA21498927763B5C00FF581A = {
						CreatedOnToolsVersion = 13.2.1;
					};
				};
			};
			buildConfigurationList = FA21498527763B5C00FF581A /* Build configuration list for PBXProject "Football Star Rate" */;
			compatibilityVersion = "Xcode 13.0";
			developmentRegion = en;
			hasScannedForEncodings = 0;
			knownRegions = (
				en,
				Base,
			);
			mainGroup = FA21498127763B5C00FF581A;
			productRefGroup = FA21498B27763B5C00FF581A /* Products */;
			projectDirPath = "";
			projectRoot = "";
			targets = (
				FA21498927763B5C00FF581A /* Football Star Rate */,
			);
		};
/* End PBXProject section */

/* Begin PBXResourcesBuildPhase section */
		FA21498827763B5C00FF581A /* Resources */ = {
			isa = PBXResourcesBuildPhase;
			buildActionMask = 2147483647;
			files = (
				FA21499527763B5D00FF581A /* Preview Assets.xcassets in Resources */,
				FA21499227763B5D00FF581A /* Assets.xcassets in Resources */,
			);
			runOnlyForDeploymentPostprocessing = 0;
		};
/* End PBXResourcesBuildPhase section */

/* Begin PBXSourcesBuildPhase section */
		FA21498627763B5C00FF581A /* Sources */ = {
			isa = PBXSourcesBuildPhase;
			buildActionMask = 2147483647;
			files = (
				FA210085277C67650089593B /* LoadImage.swift in Sources */,
				FA6D3B332777915E002F888B /* MiniRectangle.swift in Sources */,
				FA21498E27763B5C00FF581A /* Football_Star_RateApp.swift in Sources */,
				FA210089277CBFCA0089593B /* OddsViewModel.swift in Sources */,
				FA6D3B31277789B8002F888B /* MatchDetailView.swift in Sources */,
				FA21007F277A28350089593B /* CountryCode.swift in Sources */,
				FA2100742779172A0089593B /* PreMatchModel.swift in Sources */,
				FA6D3B2B27773A6A002F888B /* MainViewList.swift in Sources */,
				FA2149A7277654EA00FF581A /* MainView.swift in Sources */,
				FA6D3B392777A239002F888B /* PastMatchesList.swift in Sources */,
				FA6D3B2D27773D7C002F888B /* TournamentList.swift in Sources */,
				FA21499F27763E7800FF581A /* BottomTabView.swift in Sources */,
				FA210087277C85660089593B /* OddModel.swift in Sources */,
				FA21007D27793D470089593B /* ImageLoader.swift in Sources */,
				FA2149B4277675D000FF581A /* TabComponent.swift in Sources */,
				FA2149AF277669F000FF581A /* ViewRouter.swift in Sources */,
				FAFBE3F92786DB2700E9AD06 /* TeamModel.swift in Sources */,
				FA21007B2779206C0089593B /* RootTestData.swift in Sources */,
				FA6D3B2F27777648002F888B /* TopBar.swift in Sources */,
				FA6D3B372777A125002F888B /* MidlleBar.swift in Sources */,
				FA2149AB2776552800FF581A /* FavoriteView.swift in Sources */,
				FAFBE3FB2786DBB900E9AD06 /* TeamViewModel.swift in Sources */,
				FA21008B277CCAB60089593B /* NewOdds.swift in Sources */,
				FA210076277919FB0089593B /* ApiManager.swift in Sources */,
				FA6D3B3527779867002F888B /* TeamDetailView.swift in Sources */,
				FA2149A92776551900FF581A /* TeamView.swift in Sources */,
				FA49B479278783180084A605 /* CompletedMatchModel.swift in Sources */,
			);
			runOnlyForDeploymentPostprocessing = 0;
		};
/* End PBXSourcesBuildPhase section */

/* Begin XCBuildConfiguration section */
		FA21499627763B5D00FF581A /* Debug */ = {
			isa = XCBuildConfiguration;
			buildSettings = {
				ALWAYS_SEARCH_USER_PATHS = NO;
				CLANG_ANALYZER_NONNULL = YES;
				CLANG_ANALYZER_NUMBER_OBJECT_CONVERSION = YES_AGGRESSIVE;
				CLANG_CXX_LANGUAGE_STANDARD = "gnu++17";
				CLANG_CXX_LIBRARY = "libc++";
				CLANG_ENABLE_MODULES = YES;
				CLANG_ENABLE_OBJC_ARC = YES;
				CLANG_ENABLE_OBJC_WEAK = YES;
				CLANG_WARN_BLOCK_CAPTURE_AUTORELEASING = YES;
				CLANG_WARN_BOOL_CONVERSION = YES;
				CLANG_WARN_COMMA = YES;
				CLANG_WARN_CONSTANT_CONVERSION = YES;
				CLANG_WARN_DEPRECATED_OBJC_IMPLEMENTATIONS = YES;
				CLANG_WARN_DIRECT_OBJC_ISA_USAGE = YES_ERROR;
				CLANG_WARN_DOCUMENTATION_COMMENTS = YES;
				CLANG_WARN_EMPTY_BODY = YES;
				CLANG_WARN_ENUM_CONVERSION = YES;
				CLANG_WARN_INFINITE_RECURSION = YES;
				CLANG_WARN_INT_CONVERSION = YES;
				CLANG_WARN_NON_LITERAL_NULL_CONVERSION = YES;
				CLANG_WARN_OBJC_IMPLICIT_RETAIN_SELF = YES;
				CLANG_WARN_OBJC_LITERAL_CONVERSION = YES;
				CLANG_WARN_OBJC_ROOT_CLASS = YES_ERROR;
				CLANG_WARN_QUOTED_INCLUDE_IN_FRAMEWORK_HEADER = YES;
				CLANG_WARN_RANGE_LOOP_ANALYSIS = YES;
				CLANG_WARN_STRICT_PROTOTYPES = YES;
				CLANG_WARN_SUSPICIOUS_MOVE = YES;
				CLANG_WARN_UNGUARDED_AVAILABILITY = YES_AGGRESSIVE;
				CLANG_WARN_UNREACHABLE_CODE = YES;
				CLANG_WARN__DUPLICATE_METHOD_MATCH = YES;
				COPY_PHASE_STRIP = NO;
				DEBUG_INFORMATION_FORMAT = dwarf;
				ENABLE_STRICT_OBJC_MSGSEND = YES;
				ENABLE_TESTABILITY = YES;
				GCC_C_LANGUAGE_STANDARD = gnu11;
				GCC_DYNAMIC_NO_PIC = NO;
				GCC_NO_COMMON_BLOCKS = YES;
				GCC_OPTIMIZATION_LEVEL = 0;
				GCC_PREPROCESSOR_DEFINITIONS = (
					"DEBUG=1",
					"$(inherited)",
				);
				GCC_WARN_64_TO_32_BIT_CONVERSION = YES;
				GCC_WARN_ABOUT_RETURN_TYPE = YES_ERROR;
				GCC_WARN_UNDECLARED_SELECTOR = YES;
				GCC_WARN_UNINITIALIZED_AUTOS = YES_AGGRESSIVE;
				GCC_WARN_UNUSED_FUNCTION = YES;
				GCC_WARN_UNUSED_VARIABLE = YES;
				IPHONEOS_DEPLOYMENT_TARGET = 15.2;
				MTL_ENABLE_DEBUG_INFO = INCLUDE_SOURCE;
				MTL_FAST_MATH = YES;
				ONLY_ACTIVE_ARCH = YES;
				SDKROOT = iphoneos;
				SWIFT_ACTIVE_COMPILATION_CONDITIONS = DEBUG;
				SWIFT_OPTIMIZATION_LEVEL = "-Onone";
			};
			name = Debug;
		};
		FA21499727763B5D00FF581A /* Release */ = {
			isa = XCBuildConfiguration;
			buildSettings = {
				ALWAYS_SEARCH_USER_PATHS = NO;
				CLANG_ANALYZER_NONNULL = YES;
				CLANG_ANALYZER_NUMBER_OBJECT_CONVERSION = YES_AGGRESSIVE;
				CLANG_CXX_LANGUAGE_STANDARD = "gnu++17";
				CLANG_CXX_LIBRARY = "libc++";
				CLANG_ENABLE_MODULES = YES;
				CLANG_ENABLE_OBJC_ARC = YES;
				CLANG_ENABLE_OBJC_WEAK = YES;
				CLANG_WARN_BLOCK_CAPTURE_AUTORELEASING = YES;
				CLANG_WARN_BOOL_CONVERSION = YES;
				CLANG_WARN_COMMA = YES;
				CLANG_WARN_CONSTANT_CONVERSION = YES;
				CLANG_WARN_DEPRECATED_OBJC_IMPLEMENTATIONS = YES;
				CLANG_WARN_DIRECT_OBJC_ISA_USAGE = YES_ERROR;
				CLANG_WARN_DOCUMENTATION_COMMENTS = YES;
				CLANG_WARN_EMPTY_BODY = YES;
				CLANG_WARN_ENUM_CONVERSION = YES;
				CLANG_WARN_INFINITE_RECURSION = YES;
				CLANG_WARN_INT_CONVERSION = YES;
				CLANG_WARN_NON_LITERAL_NULL_CONVERSION = YES;
				CLANG_WARN_OBJC_IMPLICIT_RETAIN_SELF = YES;
				CLANG_WARN_OBJC_LITERAL_CONVERSION = YES;
				CLANG_WARN_OBJC_ROOT_CLASS = YES_ERROR;
				CLANG_WARN_QUOTED_INCLUDE_IN_FRAMEWORK_HEADER = YES;
				CLANG_WARN_RANGE_LOOP_ANALYSIS = YES;
				CLANG_WARN_STRICT_PROTOTYPES = YES;
				CLANG_WARN_SUSPICIOUS_MOVE = YES;
				CLANG_WARN_UNGUARDED_AVAILABILITY = YES_AGGRESSIVE;
				CLANG_WARN_UNREACHABLE_CODE = YES;
				CLANG_WARN__DUPLICATE_METHOD_MATCH = YES;
				COPY_PHASE_STRIP = NO;
				DEBUG_INFORMATION_FORMAT = "dwarf-with-dsym";
				ENABLE_NS_ASSERTIONS = NO;
				ENABLE_STRICT_OBJC_MSGSEND = YES;
				GCC_C_LANGUAGE_STANDARD = gnu11;
				GCC_NO_COMMON_BLOCKS = YES;
				GCC_WARN_64_TO_32_BIT_CONVERSION = YES;
				GCC_WARN_ABOUT_RETURN_TYPE = YES_ERROR;
				GCC_WARN_UNDECLARED_SELECTOR = YES;
				GCC_WARN_UNINITIALIZED_AUTOS = YES_AGGRESSIVE;
				GCC_WARN_UNUSED_FUNCTION = YES;
				GCC_WARN_UNUSED_VARIABLE = YES;
				IPHONEOS_DEPLOYMENT_TARGET = 15.2;
				MTL_ENABLE_DEBUG_INFO = NO;
				MTL_FAST_MATH = YES;
				SDKROOT = iphoneos;
				SWIFT_COMPILATION_MODE = wholemodule;
				SWIFT_OPTIMIZATION_LEVEL = "-O";
				VALIDATE_PRODUCT = YES;
			};
			name = Release;
		};
		FA21499927763B5D00FF581A /* Debug */ = {
			isa = XCBuildConfiguration;
			buildSettings = {
				ASSETCATALOG_COMPILER_APPICON_NAME = AppIcon;
				ASSETCATALOG_COMPILER_GLOBAL_ACCENT_COLOR_NAME = AccentColor;
				CODE_SIGN_STYLE = Automatic;
				CURRENT_PROJECT_VERSION = 1;
				DEVELOPMENT_ASSET_PATHS = "\"Football Star Rate/Preview Content\"";
				DEVELOPMENT_TEAM = 9D3YMVMCY5;
				ENABLE_PREVIEWS = YES;
				GENERATE_INFOPLIST_FILE = YES;
				INFOPLIST_KEY_UIApplicationSceneManifest_Generation = YES;
				INFOPLIST_KEY_UIApplicationSupportsIndirectInputEvents = YES;
				INFOPLIST_KEY_UILaunchScreen_Generation = YES;
				INFOPLIST_KEY_UISupportedInterfaceOrientations_iPad = "UIInterfaceOrientationPortrait UIInterfaceOrientationPortraitUpsideDown UIInterfaceOrientationLandscapeLeft UIInterfaceOrientationLandscapeRight";
				INFOPLIST_KEY_UISupportedInterfaceOrientations_iPhone = "UIInterfaceOrientationPortrait UIInterfaceOrientationLandscapeLeft UIInterfaceOrientationLandscapeRight";
				LD_RUNPATH_SEARCH_PATHS = (
					"$(inherited)",
					"@executable_path/Frameworks",
				);
				MARKETING_VERSION = 1.0;
				PRODUCT_BUNDLE_IDENTIFIER = "com.football5starrateapp.Football-Star-Rate";
				PRODUCT_NAME = "$(TARGET_NAME)";
				SWIFT_EMIT_LOC_STRINGS = YES;
				SWIFT_VERSION = 5.0;
				TARGETED_DEVICE_FAMILY = "1,2";
			};
			name = Debug;
		};
		FA21499A27763B5D00FF581A /* Release */ = {
			isa = XCBuildConfiguration;
			buildSettings = {
				ASSETCATALOG_COMPILER_APPICON_NAME = AppIcon;
				ASSETCATALOG_COMPILER_GLOBAL_ACCENT_COLOR_NAME = AccentColor;
				CODE_SIGN_STYLE = Automatic;
				CURRENT_PROJECT_VERSION = 1;
				DEVELOPMENT_ASSET_PATHS = "\"Football Star Rate/Preview Content\"";
				DEVELOPMENT_TEAM = 9D3YMVMCY5;
				ENABLE_PREVIEWS = YES;
				GENERATE_INFOPLIST_FILE = YES;
				INFOPLIST_KEY_UIApplicationSceneManifest_Generation = YES;
				INFOPLIST_KEY_UIApplicationSupportsIndirectInputEvents = YES;
				INFOPLIST_KEY_UILaunchScreen_Generation = YES;
				INFOPLIST_KEY_UISupportedInterfaceOrientations_iPad = "UIInterfaceOrientationPortrait UIInterfaceOrientationPortraitUpsideDown UIInterfaceOrientationLandscapeLeft UIInterfaceOrientationLandscapeRight";
				INFOPLIST_KEY_UISupportedInterfaceOrientations_iPhone = "UIInterfaceOrientationPortrait UIInterfaceOrientationLandscapeLeft UIInterfaceOrientationLandscapeRight";
				LD_RUNPATH_SEARCH_PATHS = (
					"$(inherited)",
					"@executable_path/Frameworks",
				);
				MARKETING_VERSION = 1.0;
				PRODUCT_BUNDLE_IDENTIFIER = "com.football5starrateapp.Football-Star-Rate";
				PRODUCT_NAME = "$(TARGET_NAME)";
				SWIFT_EMIT_LOC_STRINGS = YES;
				SWIFT_VERSION = 5.0;
				TARGETED_DEVICE_FAMILY = "1,2";
			};
			name = Release;
		};
/* End XCBuildConfiguration section */

/* Begin XCConfigurationList section */
		FA21498527763B5C00FF581A /* Build configuration list for PBXProject "Football Star Rate" */ = {
			isa = XCConfigurationList;
			buildConfigurations = (
				FA21499627763B5D00FF581A /* Debug */,
				FA21499727763B5D00FF581A /* Release */,
			);
			defaultConfigurationIsVisible = 0;
			defaultConfigurationName = Release;
		};
		FA21499827763B5D00FF581A /* Build configuration list for PBXNativeTarget "Football Star Rate" */ = {
			isa = XCConfigurationList;
			buildConfigurations = (
				FA21499927763B5D00FF581A /* Debug */,
				FA21499A27763B5D00FF581A /* Release */,
			);
			defaultConfigurationIsVisible = 0;
			defaultConfigurationName = Release;
		};
/* End XCConfigurationList section */
	};
	rootObject = FA21498227763B5C00FF581A /* Project object */;
}
